// !$*UTF8*$!
{
	archiveVersion = 1;
	classes = {
	};
	objectVersion = 46;
	objects = {

/* Begin PBXBuildFile section */
		2C8544371B9FFBC500D2DF2C /* main.m in Sources */ = {isa = PBXBuildFile; fileRef = 2C8544361B9FFBC500D2DF2C /* main.m */; };
		2C85443A1B9FFBC500D2DF2C /* AppDelegate.m in Sources */ = {isa = PBXBuildFile; fileRef = 2C8544391B9FFBC500D2DF2C /* AppDelegate.m */; };
		2C85443D1B9FFBC500D2DF2C /* PlanListViewController.m in Sources */ = {isa = PBXBuildFile; fileRef = 2C85443C1B9FFBC500D2DF2C /* PlanListViewController.m */; };
		2C8544401B9FFBC500D2DF2C /* Main.storyboard in Resources */ = {isa = PBXBuildFile; fileRef = 2C85443E1B9FFBC500D2DF2C /* Main.storyboard */; };
		2C8544421B9FFBC500D2DF2C /* Images.xcassets in Resources */ = {isa = PBXBuildFile; fileRef = 2C8544411B9FFBC500D2DF2C /* Images.xcassets */; };
		2C8544451B9FFBC500D2DF2C /* LaunchScreen.xib in Resources */ = {isa = PBXBuildFile; fileRef = 2C8544431B9FFBC500D2DF2C /* LaunchScreen.xib */; };
		2C8544511B9FFBC500D2DF2C /* OdekakeTests.m in Sources */ = {isa = PBXBuildFile; fileRef = 2C8544501B9FFBC500D2DF2C /* OdekakeTests.m */; };
		2C8544641BA0466C00D2DF2C /* PlanListTableViewCell.m in Sources */ = {isa = PBXBuildFile; fileRef = 2C8544631BA0466C00D2DF2C /* PlanListTableViewCell.m */; };
		2C85446D1BA04FEA00D2DF2C /* PlanDetailViewController.m in Sources */ = {isa = PBXBuildFile; fileRef = 2C85446C1BA04FEA00D2DF2C /* PlanDetailViewController.m */; };
		2C8544721BA052A200D2DF2C /* PlanDetailTableViewCell.m in Sources */ = {isa = PBXBuildFile; fileRef = 2C8544711BA052A200D2DF2C /* PlanDetailTableViewCell.m */; };
		2C8544741BA1148100D2DF2C /* MapKit.framework in Frameworks */ = {isa = PBXBuildFile; fileRef = 2C8544731BA1148100D2DF2C /* MapKit.framework */; };
		2C8544771BA1157100D2DF2C /* SpotDetailViewController.m in Sources */ = {isa = PBXBuildFile; fileRef = 2C8544761BA1157100D2DF2C /* SpotDetailViewController.m */; };
		2C85447E1BA11E3900D2DF2C /* FavoriteListViewController.m in Sources */ = {isa = PBXBuildFile; fileRef = 2C85447D1BA11E3900D2DF2C /* FavoriteListViewController.m */; };
		2C8544811BA1203900D2DF2C /* FavoriteListTableViewCell.m in Sources */ = {isa = PBXBuildFile; fileRef = 2C8544801BA1203900D2DF2C /* FavoriteListTableViewCell.m */; };
		2C8544841BA13C7C00D2DF2C /* ExecutionHistoryListViewController.m in Sources */ = {isa = PBXBuildFile; fileRef = 2C8544831BA13C7C00D2DF2C /* ExecutionHistoryListViewController.m */; };
		2C8544871BA13D7000D2DF2C /* ExecutionHistoryListTableViewCell.m in Sources */ = {isa = PBXBuildFile; fileRef = 2C8544861BA13D7000D2DF2C /* ExecutionHistoryListTableViewCell.m */; };
		2C8544891BA1441300D2DF2C /* cat1.jpg in Resources */ = {isa = PBXBuildFile; fileRef = 2C8544881BA1441300D2DF2C /* cat1.jpg */; };
		2C85448D1BA145C300D2DF2C /* SearchViewController.m in Sources */ = {isa = PBXBuildFile; fileRef = 2C85448C1BA145C300D2DF2C /* SearchViewController.m */; };
/* End PBXBuildFile section */

/* Begin PBXContainerItemProxy section */
		2C85444B1B9FFBC500D2DF2C /* PBXContainerItemProxy */ = {
			isa = PBXContainerItemProxy;
			containerPortal = 2C8544291B9FFBC500D2DF2C /* Project object */;
			proxyType = 1;
			remoteGlobalIDString = 2C8544301B9FFBC500D2DF2C;
			remoteInfo = Odekake;
		};
/* End PBXContainerItemProxy section */

/* Begin PBXFileReference section */
		2C8544311B9FFBC500D2DF2C /* Odekake.app */ = {isa = PBXFileReference; explicitFileType = wrapper.application; includeInIndex = 0; path = Odekake.app; sourceTree = BUILT_PRODUCTS_DIR; };
		2C8544351B9FFBC500D2DF2C /* Info.plist */ = {isa = PBXFileReference; lastKnownFileType = text.plist.xml; path = Info.plist; sourceTree = "<group>"; };
		2C8544361B9FFBC500D2DF2C /* main.m */ = {isa = PBXFileReference; lastKnownFileType = sourcecode.c.objc; path = main.m; sourceTree = "<group>"; };
		2C8544381B9FFBC500D2DF2C /* AppDelegate.h */ = {isa = PBXFileReference; lastKnownFileType = sourcecode.c.h; path = AppDelegate.h; sourceTree = "<group>"; };
		2C8544391B9FFBC500D2DF2C /* AppDelegate.m */ = {isa = PBXFileReference; lastKnownFileType = sourcecode.c.objc; path = AppDelegate.m; sourceTree = "<group>"; };
		2C85443B1B9FFBC500D2DF2C /* PlanListViewController.h */ = {isa = PBXFileReference; lastKnownFileType = sourcecode.c.h; path = PlanListViewController.h; sourceTree = "<group>"; };
		2C85443C1B9FFBC500D2DF2C /* PlanListViewController.m */ = {isa = PBXFileReference; lastKnownFileType = sourcecode.c.objc; path = PlanListViewController.m; sourceTree = "<group>"; };
		2C85443F1B9FFBC500D2DF2C /* Base */ = {isa = PBXFileReference; lastKnownFileType = file.storyboard; name = Base; path = Base.lproj/Main.storyboard; sourceTree = "<group>"; };
		2C8544411B9FFBC500D2DF2C /* Images.xcassets */ = {isa = PBXFileReference; lastKnownFileType = folder.assetcatalog; path = Images.xcassets; sourceTree = "<group>"; };
		2C8544441B9FFBC500D2DF2C /* Base */ = {isa = PBXFileReference; lastKnownFileType = file.xib; name = Base; path = Base.lproj/LaunchScreen.xib; sourceTree = "<group>"; };
		2C85444A1B9FFBC500D2DF2C /* OdekakeTests.xctest */ = {isa = PBXFileReference; explicitFileType = wrapper.cfbundle; includeInIndex = 0; path = OdekakeTests.xctest; sourceTree = BUILT_PRODUCTS_DIR; };
		2C85444F1B9FFBC500D2DF2C /* Info.plist */ = {isa = PBXFileReference; lastKnownFileType = text.plist.xml; path = Info.plist; sourceTree = "<group>"; };
		2C8544501B9FFBC500D2DF2C /* OdekakeTests.m */ = {isa = PBXFileReference; lastKnownFileType = sourcecode.c.objc; path = OdekakeTests.m; sourceTree = "<group>"; };
		2C8544621BA0466C00D2DF2C /* PlanListTableViewCell.h */ = {isa = PBXFileReference; fileEncoding = 4; lastKnownFileType = sourcecode.c.h; path = PlanListTableViewCell.h; sourceTree = "<group>"; };
		2C8544631BA0466C00D2DF2C /* PlanListTableViewCell.m */ = {isa = PBXFileReference; fileEncoding = 4; lastKnownFileType = sourcecode.c.objc; path = PlanListTableViewCell.m; sourceTree = "<group>"; };
		2C85446C1BA04FEA00D2DF2C /* PlanDetailViewController.m */ = {isa = PBXFileReference; fileEncoding = 4; lastKnownFileType = sourcecode.c.objc; path = PlanDetailViewController.m; sourceTree = "<group>"; };
		2C85446E1BA0501600D2DF2C /* PlanDetailViewController.h */ = {isa = PBXFileReference; lastKnownFileType = sourcecode.c.h; path = PlanDetailViewController.h; sourceTree = "<group>"; };
		2C8544701BA0528100D2DF2C /* PlanDetailTableViewCell.h */ = {isa = PBXFileReference; lastKnownFileType = sourcecode.c.h; path = PlanDetailTableViewCell.h; sourceTree = "<group>"; };
		2C8544711BA052A200D2DF2C /* PlanDetailTableViewCell.m */ = {isa = PBXFileReference; fileEncoding = 4; lastKnownFileType = sourcecode.c.objc; path = PlanDetailTableViewCell.m; sourceTree = "<group>"; };
		2C8544731BA1148100D2DF2C /* MapKit.framework */ = {isa = PBXFileReference; lastKnownFileType = wrapper.framework; name = MapKit.framework; path = System/Library/Frameworks/MapKit.framework; sourceTree = SDKROOT; };
		2C8544751BA1153800D2DF2C /* SpotDetailViewController.h */ = {isa = PBXFileReference; lastKnownFileType = sourcecode.c.h; path = SpotDetailViewController.h; sourceTree = "<group>"; };
		2C8544761BA1157100D2DF2C /* SpotDetailViewController.m */ = {isa = PBXFileReference; fileEncoding = 4; lastKnownFileType = sourcecode.c.objc; path = SpotDetailViewController.m; sourceTree = "<group>"; };
		2C85447C1BA11E1000D2DF2C /* FavoriteListViewController.h */ = {isa = PBXFileReference; lastKnownFileType = sourcecode.c.h; path = FavoriteListViewController.h; sourceTree = "<group>"; };
		2C85447D1BA11E3900D2DF2C /* FavoriteListViewController.m */ = {isa = PBXFileReference; fileEncoding = 4; lastKnownFileType = sourcecode.c.objc; path = FavoriteListViewController.m; sourceTree = "<group>"; };
		2C85447F1BA11FFC00D2DF2C /* FavoriteListTableViewCell.h */ = {isa = PBXFileReference; lastKnownFileType = sourcecode.c.h; path = FavoriteListTableViewCell.h; sourceTree = "<group>"; };
		2C8544801BA1203900D2DF2C /* FavoriteListTableViewCell.m */ = {isa = PBXFileReference; fileEncoding = 4; lastKnownFileType = sourcecode.c.objc; path = FavoriteListTableViewCell.m; sourceTree = "<group>"; };
		2C8544821BA13C5F00D2DF2C /* ExecutionHistoryListViewController.h */ = {isa = PBXFileReference; lastKnownFileType = sourcecode.c.h; path = ExecutionHistoryListViewController.h; sourceTree = "<group>"; };
		2C8544831BA13C7C00D2DF2C /* ExecutionHistoryListViewController.m */ = {isa = PBXFileReference; fileEncoding = 4; lastKnownFileType = sourcecode.c.objc; path = ExecutionHistoryListViewController.m; sourceTree = "<group>"; };
		2C8544851BA13D2F00D2DF2C /* ExecutionHistoryListTableViewCell.h */ = {isa = PBXFileReference; lastKnownFileType = sourcecode.c.h; path = ExecutionHistoryListTableViewCell.h; sourceTree = "<group>"; };
		2C8544861BA13D7000D2DF2C /* ExecutionHistoryListTableViewCell.m */ = {isa = PBXFileReference; fileEncoding = 4; lastKnownFileType = sourcecode.c.objc; path = ExecutionHistoryListTableViewCell.m; sourceTree = "<group>"; };
		2C8544881BA1441300D2DF2C /* cat1.jpg */ = {isa = PBXFileReference; lastKnownFileType = image.jpeg; path = cat1.jpg; sourceTree = "<group>"; };
		2C85448B1BA145AA00D2DF2C /* SearchViewController.h */ = {isa = PBXFileReference; lastKnownFileType = sourcecode.c.h; path = SearchViewController.h; sourceTree = "<group>"; };
		2C85448C1BA145C300D2DF2C /* SearchViewController.m */ = {isa = PBXFileReference; fileEncoding = 4; lastKnownFileType = sourcecode.c.objc; path = SearchViewController.m; sourceTree = "<group>"; };
		2C85448E1BA147AC00D2DF2C /* SearchProtocol.h */ = {isa = PBXFileReference; lastKnownFileType = sourcecode.c.h; path = SearchProtocol.h; sourceTree = "<group>"; };
/* End PBXFileReference section */

/* Begin PBXFrameworksBuildPhase section */
		2C85442E1B9FFBC500D2DF2C /* Frameworks */ = {
			isa = PBXFrameworksBuildPhase;
			buildActionMask = 2147483647;
			files = (
				2C8544741BA1148100D2DF2C /* MapKit.framework in Frameworks */,
			);
			runOnlyForDeploymentPostprocessing = 0;
		};
		2C8544471B9FFBC500D2DF2C /* Frameworks */ = {
			isa = PBXFrameworksBuildPhase;
			buildActionMask = 2147483647;
			files = (
			);
			runOnlyForDeploymentPostprocessing = 0;
		};
/* End PBXFrameworksBuildPhase section */

/* Begin PBXGroup section */
		2C8544281B9FFBC500D2DF2C = {
			isa = PBXGroup;
			children = (
				2C8544331B9FFBC500D2DF2C /* Odekake */,
				2C85444D1B9FFBC500D2DF2C /* OdekakeTests */,
				2C8544321B9FFBC500D2DF2C /* Products */,
				2C8544731BA1148100D2DF2C /* MapKit.framework */,
			);
			sourceTree = "<group>";
		};
		2C8544321B9FFBC500D2DF2C /* Products */ = {
			isa = PBXGroup;
			children = (
				2C8544311B9FFBC500D2DF2C /* Odekake.app */,
				2C85444A1B9FFBC500D2DF2C /* OdekakeTests.xctest */,
			);
			name = Products;
			sourceTree = "<group>";
		};
		2C8544331B9FFBC500D2DF2C /* Odekake */ = {
			isa = PBXGroup;
			children = (
				2C8544601BA0463D00D2DF2C /* Views */,
				2C8544381B9FFBC500D2DF2C /* AppDelegate.h */,
				2C8544391B9FFBC500D2DF2C /* AppDelegate.m */,
				2C85443E1B9FFBC500D2DF2C /* Main.storyboard */,
				2C8544411B9FFBC500D2DF2C /* Images.xcassets */,
				2C8544431B9FFBC500D2DF2C /* LaunchScreen.xib */,
				2C8544341B9FFBC500D2DF2C /* Supporting Files */,
			);
			path = Odekake;
			sourceTree = "<group>";
		};
		2C8544341B9FFBC500D2DF2C /* Supporting Files */ = {
			isa = PBXGroup;
			children = (
				2C8544881BA1441300D2DF2C /* cat1.jpg */,
				2C8544351B9FFBC500D2DF2C /* Info.plist */,
				2C8544361B9FFBC500D2DF2C /* main.m */,
			);
			name = "Supporting Files";
			sourceTree = "<group>";
		};
		2C85444D1B9FFBC500D2DF2C /* OdekakeTests */ = {
			isa = PBXGroup;
			children = (
				2C8544501B9FFBC500D2DF2C /* OdekakeTests.m */,
				2C85444E1B9FFBC500D2DF2C /* Supporting Files */,
			);
			path = OdekakeTests;
			sourceTree = "<group>";
		};
		2C85444E1B9FFBC500D2DF2C /* Supporting Files */ = {
			isa = PBXGroup;
			children = (
				2C85444F1B9FFBC500D2DF2C /* Info.plist */,
			);
			name = "Supporting Files";
			sourceTree = "<group>";
		};
		2C8544601BA0463D00D2DF2C /* Views */ = {
			isa = PBXGroup;
			children = (
				2C85448A1BA1458800D2DF2C /* Search */,
				2C8544611BA0465100D2DF2C /* PlanList */,
				2C8544791BA115E500D2DF2C /* PlanDetail */,
				2C8544781BA1158500D2DF2C /* SpotDetail */,
				2C85447B1BA11D6500D2DF2C /* ExecutionHistoryList */,
				2C85447A1BA11D0B00D2DF2C /* FavoriteList */,
			);
			name = Views;
			sourceTree = "<group>";
		};
		2C8544611BA0465100D2DF2C /* PlanList */ = {
			isa = PBXGroup;
			children = (
				2C85443B1B9FFBC500D2DF2C /* PlanListViewController.h */,
				2C85443C1B9FFBC500D2DF2C /* PlanListViewController.m */,
				2C8544621BA0466C00D2DF2C /* PlanListTableViewCell.h */,
				2C8544631BA0466C00D2DF2C /* PlanListTableViewCell.m */,
			);
			name = PlanList;
			sourceTree = "<group>";
		};
		2C8544781BA1158500D2DF2C /* SpotDetail */ = {
			isa = PBXGroup;
			children = (
				2C8544751BA1153800D2DF2C /* SpotDetailViewController.h */,
				2C8544761BA1157100D2DF2C /* SpotDetailViewController.m */,
			);
			name = SpotDetail;
			sourceTree = "<group>";
		};
		2C8544791BA115E500D2DF2C /* PlanDetail */ = {
			isa = PBXGroup;
			children = (
				2C85446E1BA0501600D2DF2C /* PlanDetailViewController.h */,
				2C85446C1BA04FEA00D2DF2C /* PlanDetailViewController.m */,
				2C8544701BA0528100D2DF2C /* PlanDetailTableViewCell.h */,
				2C8544711BA052A200D2DF2C /* PlanDetailTableViewCell.m */,
			);
			name = PlanDetail;
			sourceTree = "<group>";
		};
		2C85447A1BA11D0B00D2DF2C /* FavoriteList */ = {
			isa = PBXGroup;
			children = (
				2C85447C1BA11E1000D2DF2C /* FavoriteListViewController.h */,
				2C85447D1BA11E3900D2DF2C /* FavoriteListViewController.m */,
				2C85447F1BA11FFC00D2DF2C /* FavoriteListTableViewCell.h */,
				2C8544801BA1203900D2DF2C /* FavoriteListTableViewCell.m */,
			);
			name = FavoriteList;
			sourceTree = "<group>";
		};
		2C85447B1BA11D6500D2DF2C /* ExecutionHistoryList */ = {
			isa = PBXGroup;
			children = (
				2C8544821BA13C5F00D2DF2C /* ExecutionHistoryListViewController.h */,
				2C8544831BA13C7C00D2DF2C /* ExecutionHistoryListViewController.m */,
				2C8544851BA13D2F00D2DF2C /* ExecutionHistoryListTableViewCell.h */,
				2C8544861BA13D7000D2DF2C /* ExecutionHistoryListTableViewCell.m */,
			);
			name = ExecutionHistoryList;
			sourceTree = "<group>";
		};
		2C85448A1BA1458800D2DF2C /* Search */ = {
			isa = PBXGroup;
			children = (
				2C85448B1BA145AA00D2DF2C /* SearchViewController.h */,
				2C85448C1BA145C300D2DF2C /* SearchViewController.m */,
				2C85448E1BA147AC00D2DF2C /* SearchProtocol.h */,
			);
			name = Search;
			sourceTree = "<group>";
		};
/* End PBXGroup section */

/* Begin PBXNativeTarget section */
		2C8544301B9FFBC500D2DF2C /* Odekake */ = {
			isa = PBXNativeTarget;
			buildConfigurationList = 2C8544541B9FFBC500D2DF2C /* Build configuration list for PBXNativeTarget "Odekake" */;
			buildPhases = (
				2C85442D1B9FFBC500D2DF2C /* Sources */,
				2C85442E1B9FFBC500D2DF2C /* Frameworks */,
				2C85442F1B9FFBC500D2DF2C /* Resources */,
			);
			buildRules = (
			);
			dependencies = (
			);
			name = Odekake;
			productName = Odekake;
			productReference = 2C8544311B9FFBC500D2DF2C /* Odekake.app */;
			productType = "com.apple.product-type.application";
		};
		2C8544491B9FFBC500D2DF2C /* OdekakeTests */ = {
			isa = PBXNativeTarget;
			buildConfigurationList = 2C8544571B9FFBC500D2DF2C /* Build configuration list for PBXNativeTarget "OdekakeTests" */;
			buildPhases = (
				2C8544461B9FFBC500D2DF2C /* Sources */,
				2C8544471B9FFBC500D2DF2C /* Frameworks */,
				2C8544481B9FFBC500D2DF2C /* Resources */,
			);
			buildRules = (
			);
			dependencies = (
				2C85444C1B9FFBC500D2DF2C /* PBXTargetDependency */,
			);
			name = OdekakeTests;
			productName = OdekakeTests;
			productReference = 2C85444A1B9FFBC500D2DF2C /* OdekakeTests.xctest */;
			productType = "com.apple.product-type.bundle.unit-test";
		};
/* End PBXNativeTarget section */

/* Begin PBXProject section */
		2C8544291B9FFBC500D2DF2C /* Project object */ = {
			isa = PBXProject;
			attributes = {
				LastUpgradeCheck = 0640;
				ORGANIZATIONNAME = "長澤優希";
				TargetAttributes = {
					2C8544301B9FFBC500D2DF2C = {
						CreatedOnToolsVersion = 6.4;
					};
					2C8544491B9FFBC500D2DF2C = {
						CreatedOnToolsVersion = 6.4;
						TestTargetID = 2C8544301B9FFBC500D2DF2C;
					};
				};
			};
			buildConfigurationList = 2C85442C1B9FFBC500D2DF2C /* Build configuration list for PBXProject "Odekake" */;
			compatibilityVersion = "Xcode 3.2";
			developmentRegion = English;
			hasScannedForEncodings = 0;
			knownRegions = (
				en,
				Base,
			);
			mainGroup = 2C8544281B9FFBC500D2DF2C;
			productRefGroup = 2C8544321B9FFBC500D2DF2C /* Products */;
			projectDirPath = "";
			projectRoot = "";
			targets = (
				2C8544301B9FFBC500D2DF2C /* Odekake */,
				2C8544491B9FFBC500D2DF2C /* OdekakeTests */,
			);
		};
/* End PBXProject section */

/* Begin PBXResourcesBuildPhase section */
		2C85442F1B9FFBC500D2DF2C /* Resources */ = {
			isa = PBXResourcesBuildPhase;
			buildActionMask = 2147483647;
			files = (
				2C8544891BA1441300D2DF2C /* cat1.jpg in Resources */,
				2C8544401B9FFBC500D2DF2C /* Main.storyboard in Resources */,
				2C8544451B9FFBC500D2DF2C /* LaunchScreen.xib in Resources */,
				2C8544421B9FFBC500D2DF2C /* Images.xcassets in Resources */,
			);
			runOnlyForDeploymentPostprocessing = 0;
		};
		2C8544481B9FFBC500D2DF2C /* Resources */ = {
			isa = PBXResourcesBuildPhase;
			buildActionMask = 2147483647;
			files = (
			);
			runOnlyForDeploymentPostprocessing = 0;
		};
/* End PBXResourcesBuildPhase section */

/* Begin PBXSourcesBuildPhase section */
		2C85442D1B9FFBC500D2DF2C /* Sources */ = {
			isa = PBXSourcesBuildPhase;
			buildActionMask = 2147483647;
			files = (
				2C8544841BA13C7C00D2DF2C /* ExecutionHistoryListViewController.m in Sources */,
				2C8544641BA0466C00D2DF2C /* PlanListTableViewCell.m in Sources */,
				2C8544771BA1157100D2DF2C /* SpotDetailViewController.m in Sources */,
				2C85447E1BA11E3900D2DF2C /* FavoriteListViewController.m in Sources */,
				2C85443D1B9FFBC500D2DF2C /* PlanListViewController.m in Sources */,
				2C8544871BA13D7000D2DF2C /* ExecutionHistoryListTableViewCell.m in Sources */,
				2C85446D1BA04FEA00D2DF2C /* PlanDetailViewController.m in Sources */,
				2C8544811BA1203900D2DF2C /* FavoriteListTableViewCell.m in Sources */,
				2C85443A1B9FFBC500D2DF2C /* AppDelegate.m in Sources */,
				2C8544371B9FFBC500D2DF2C /* main.m in Sources */,
				2C85448D1BA145C300D2DF2C /* SearchViewController.m in Sources */,
				2C8544721BA052A200D2DF2C /* PlanDetailTableViewCell.m in Sources */,
			);
			runOnlyForDeploymentPostprocessing = 0;
		};
		2C8544461B9FFBC500D2DF2C /* Sources */ = {
			isa = PBXSourcesBuildPhase;
			buildActionMask = 2147483647;
			files = (
				2C8544511B9FFBC500D2DF2C /* OdekakeTests.m in Sources */,
			);
			runOnlyForDeploymentPostprocessing = 0;
		};
/* End PBXSourcesBuildPhase section */

/* Begin PBXTargetDependency section */
		2C85444C1B9FFBC500D2DF2C /* PBXTargetDependency */ = {
			isa = PBXTargetDependency;
			target = 2C8544301B9FFBC500D2DF2C /* Odekake */;
			targetProxy = 2C85444B1B9FFBC500D2DF2C /* PBXContainerItemProxy */;
		};
/* End PBXTargetDependency section */

/* Begin PBXVariantGroup section */
		2C85443E1B9FFBC500D2DF2C /* Main.storyboard */ = {
			isa = PBXVariantGroup;
			children = (
				2C85443F1B9FFBC500D2DF2C /* Base */,
			);
			name = Main.storyboard;
			sourceTree = "<group>";
		};
		2C8544431B9FFBC500D2DF2C /* LaunchScreen.xib */ = {
			isa = PBXVariantGroup;
			children = (
				2C8544441B9FFBC500D2DF2C /* Base */,
			);
			name = LaunchScreen.xib;
			sourceTree = "<group>";
		};
/* End PBXVariantGroup section */

/* Begin XCBuildConfiguration section */
		2C8544521B9FFBC500D2DF2C /* Debug */ = {
			isa = XCBuildConfiguration;
			buildSettings = {
				ALWAYS_SEARCH_USER_PATHS = NO;
				CLANG_CXX_LANGUAGE_STANDARD = "gnu++0x";
				CLANG_CXX_LIBRARY = "libc++";
				CLANG_ENABLE_MODULES = YES;
				CLANG_ENABLE_OBJC_ARC = YES;
				CLANG_WARN_BOOL_CONVERSION = YES;
				CLANG_WARN_CONSTANT_CONVERSION = YES;
				CLANG_WARN_DIRECT_OBJC_ISA_USAGE = YES_ERROR;
				CLANG_WARN_EMPTY_BODY = YES;
				CLANG_WARN_ENUM_CONVERSION = YES;
				CLANG_WARN_INT_CONVERSION = YES;
				CLANG_WARN_OBJC_ROOT_CLASS = YES_ERROR;
				CLANG_WARN_UNREACHABLE_CODE = YES;
				CLANG_WARN__DUPLICATE_METHOD_MATCH = YES;
				"CODE_SIGN_IDENTITY[sdk=iphoneos*]" = "iPhone Developer";
				COPY_PHASE_STRIP = NO;
				DEBUG_INFORMATION_FORMAT = "dwarf-with-dsym";
				ENABLE_STRICT_OBJC_MSGSEND = YES;
				GCC_C_LANGUAGE_STANDARD = gnu99;
				GCC_DYNAMIC_NO_PIC = NO;
				GCC_NO_COMMON_BLOCKS = YES;
				GCC_OPTIMIZATION_LEVEL = 0;
				GCC_PREPROCESSOR_DEFINITIONS = (
					"DEBUG=1",
					"$(inherited)",
				);
				GCC_SYMBOLS_PRIVATE_EXTERN = NO;
				GCC_WARN_64_TO_32_BIT_CONVERSION = YES;
				GCC_WARN_ABOUT_RETURN_TYPE = YES_ERROR;
				GCC_WARN_UNDECLARED_SELECTOR = YES;
				GCC_WARN_UNINITIALIZED_AUTOS = YES_AGGRESSIVE;
				GCC_WARN_UNUSED_FUNCTION = YES;
				GCC_WARN_UNUSED_VARIABLE = YES;
				IPHONEOS_DEPLOYMENT_TARGET = 8.4;
				MTL_ENABLE_DEBUG_INFO = YES;
				ONLY_ACTIVE_ARCH = YES;
				SDKROOT = iphoneos;
				TARGETED_DEVICE_FAMILY = "1,2";
			};
			name = Debug;
		};
		2C8544531B9FFBC500D2DF2C /* Release */ = {
			isa = XCBuildConfiguration;
			buildSettings = {
				ALWAYS_SEARCH_USER_PATHS = NO;
				CLANG_CXX_LANGUAGE_STANDARD = "gnu++0x";
				CLANG_CXX_LIBRARY = "libc++";
				CLANG_ENABLE_MODULES = YES;
				CLANG_ENABLE_OBJC_ARC = YES;
				CLANG_WARN_BOOL_CONVERSION = YES;
				CLANG_WARN_CONSTANT_CONVERSION = YES;
				CLANG_WARN_DIRECT_OBJC_ISA_USAGE = YES_ERROR;
				CLANG_WARN_EMPTY_BODY = YES;
				CLANG_WARN_ENUM_CONVERSION = YES;
				CLANG_WARN_INT_CONVERSION = YES;
				CLANG_WARN_OBJC_ROOT_CLASS = YES_ERROR;
				CLANG_WARN_UNREACHABLE_CODE = YES;
				CLANG_WARN__DUPLICATE_METHOD_MATCH = YES;
				"CODE_SIGN_IDENTITY[sdk=iphoneos*]" = "iPhone Developer";
				COPY_PHASE_STRIP = NO;
				DEBUG_INFORMATION_FORMAT = "dwarf-with-dsym";
				ENABLE_NS_ASSERTIONS = NO;
				ENABLE_STRICT_OBJC_MSGSEND = YES;
				GCC_C_LANGUAGE_STANDARD = gnu99;
				GCC_NO_COMMON_BLOCKS = YES;
				GCC_WARN_64_TO_32_BIT_CONVERSION = YES;
				GCC_WARN_ABOUT_RETURN_TYPE = YES_ERROR;
				GCC_WARN_UNDECLARED_SELECTOR = YES;
				GCC_WARN_UNINITIALIZED_AUTOS = YES_AGGRESSIVE;
				GCC_WARN_UNUSED_FUNCTION = YES;
				GCC_WARN_UNUSED_VARIABLE = YES;
				IPHONEOS_DEPLOYMENT_TARGET = 8.4;
				MTL_ENABLE_DEBUG_INFO = NO;
				SDKROOT = iphoneos;
				TARGETED_DEVICE_FAMILY = "1,2";
				VALIDATE_PRODUCT = YES;
			};
			name = Release;
		};
		2C8544551B9FFBC500D2DF2C /* Debug */ = {
			isa = XCBuildConfiguration;
			buildSettings = {
				ASSETCATALOG_COMPILER_APPICON_NAME = AppIcon;
				INFOPLIST_FILE = Odekake/Info.plist;
				LD_RUNPATH_SEARCH_PATHS = "$(inherited) @executable_path/Frameworks";
				PRODUCT_NAME = "$(TARGET_NAME)";
			};
			name = Debug;
		};
		2C8544561B9FFBC500D2DF2C /* Release */ = {
			isa = XCBuildConfiguration;
			buildSettings = {
				ASSETCATALOG_COMPILER_APPICON_NAME = AppIcon;
				INFOPLIST_FILE = Odekake/Info.plist;
				LD_RUNPATH_SEARCH_PATHS = "$(inherited) @executable_path/Frameworks";
				PRODUCT_NAME = "$(TARGET_NAME)";
			};
			name = Release;
		};
		2C8544581B9FFBC500D2DF2C /* Debug */ = {
			isa = XCBuildConfiguration;
			buildSettings = {
				BUNDLE_LOADER = "$(TEST_HOST)";
				FRAMEWORK_SEARCH_PATHS = (
					"$(SDKROOT)/Developer/Library/Frameworks",
					"$(inherited)",
				);
				GCC_PREPROCESSOR_DEFINITIONS = (
					"DEBUG=1",
					"$(inherited)",
				);
				INFOPLIST_FILE = OdekakeTests/Info.plist;
				LD_RUNPATH_SEARCH_PATHS = "$(inherited) @executable_path/Frameworks @loader_path/Frameworks";
				PRODUCT_NAME = "$(TARGET_NAME)";
				TEST_HOST = "$(BUILT_PRODUCTS_DIR)/Odekake.app/Odekake";
			};
			name = Debug;
		};
		2C8544591B9FFBC500D2DF2C /* Release */ = {
			isa = XCBuildConfiguration;
			buildSettings = {
				BUNDLE_LOADER = "$(TEST_HOST)";
				FRAMEWORK_SEARCH_PATHS = (
					"$(SDKROOT)/Developer/Library/Frameworks",
					"$(inherited)",
				);
				INFOPLIST_FILE = OdekakeTests/Info.plist;
				LD_RUNPATH_SEARCH_PATHS = "$(inherited) @executable_path/Frameworks @loader_path/Frameworks";
				PRODUCT_NAME = "$(TARGET_NAME)";
				TEST_HOST = "$(BUILT_PRODUCTS_DIR)/Odekake.app/Odekake";
			};
			name = Release;
		};
/* End XCBuildConfiguration section */

/* Begin XCConfigurationList section */
		2C85442C1B9FFBC500D2DF2C /* Build configuration list for PBXProject "Odekake" */ = {
			isa = XCConfigurationList;
			buildConfigurations = (
				2C8544521B9FFBC500D2DF2C /* Debug */,
				2C8544531B9FFBC500D2DF2C /* Release */,
			);
			defaultConfigurationIsVisible = 0;
			defaultConfigurationName = Release;
		};
		2C8544541B9FFBC500D2DF2C /* Build configuration list for PBXNativeTarget "Odekake" */ = {
			isa = XCConfigurationList;
			buildConfigurations = (
				2C8544551B9FFBC500D2DF2C /* Debug */,
				2C8544561B9FFBC500D2DF2C /* Release */,
			);
			defaultConfigurationIsVisible = 0;
			defaultConfigurationName = Release;
		};
		2C8544571B9FFBC500D2DF2C /* Build configuration list for PBXNativeTarget "OdekakeTests" */ = {
			isa = XCConfigurationList;
			buildConfigurations = (
				2C8544581B9FFBC500D2DF2C /* Debug */,
				2C8544591B9FFBC500D2DF2C /* Release */,
			);
			defaultConfigurationIsVisible = 0;
			defaultConfigurationName = Release;
		};
/* End XCConfigurationList section */
	};
	rootObject = 2C8544291B9FFBC500D2DF2C /* Project object */;
}
